
Microsoft Visual Studio Solution File, Format Version 12.00
# Visual Studio 15
VisualStudioVersion = 15.0.27004.2009
MinimumVisualStudioVersion = 10.0.40219.1
Project("{FAE04EC0-301F-11D3-BF4B-00C04F79EFBC}") = "WayImages", "WayImages\WayImages.csproj", "{3902D604-3117-4166-B2F3-C375F0DC7EDA}"
EndProject
Project("{FAE04EC0-301F-11D3-BF4B-00C04F79EFBC}") = "WpfApp", "WpfApp\WpfApp.csproj", "{0AC016A5-3B69-40A4-B113-949DDDF5D6DB}"
EndProject
Global
	GlobalSection(SolutionConfigurationPlatforms) = preSolution
		Debug|Any CPU = Debug|Any CPU
		Release|Any CPU = Release|Any CPU
	EndGlobalSection
	GlobalSection(ProjectConfigurationPlatforms) = postSolution
		{3902D604-3117-4166-B2F3-C375F0DC7EDA}.Debug|Any CPU.ActiveCfg = Debug|Any CPU
		{3902D604-3117-4166-B2F3-C375F0DC7EDA}.Debug|Any CPU.Build.0 = Debug|Any CPU
		{3902D604-3117-4166-B2F3-C375F0DC7EDA}.Release|Any CPU.ActiveCfg = Release|Any CPU
		{3902D604-3117-4166-B2F3-C375F0DC7EDA}.Release|Any CPU.Build.0 = Release|Any CPU
		{0AC016A5-3B69-40A4-B113-949DDDF5D6DB}.Debug|Any CPU.ActiveCfg = Debug|Any CPU
		{0AC016A5-3B69-40A4-B113-949DDDF5D6DB}.Debug|Any CPU.Build.0 = Debug|Any CPU
		{0AC016A5-3B69-40A4-B113-949DDDF5D6DB}.Release|Any CPU.ActiveCfg = Release|Any CPU
		{0AC016A5-3B69-40A4-B113-949DDDF5D6DB}.Release|Any CPU.Build.0 = Release|Any CPU
	EndGlobalSection
	GlobalSection(SolutionProperties) = preSolution
		HideSolutionNode = FALSE
	EndGlobalSection
	GlobalSection(ExtensibilityGlobals) = postSolution
		SolutionGuid = {400B29A9-2981-4446-B37D-87317CC08212}
	EndGlobalSection
EndGlobal
